
Microsoft Visual Studio Solution File, Format Version 12.00
# Visual Studio 15
VisualStudioVersion = 15.0.28010.2036
MinimumVisualStudioVersion = 10.0.40219.1
Project("{8BC9CEB8-8B4A-11D0-8D11-00A0C91BC942}") = "Stack", "Stack\Stack.vcxproj", "{650A2B57-194C-4327-A463-E864FC05E577}"
EndProject
Global
	GlobalSection(SolutionConfigurationPlatforms) = preSolution
		Debug|x64 = Debug|x64
		Debug|x86 = Debug|x86
		Release|x64 = Release|x64
		Release|x86 = Release|x86
	EndGlobalSection
	GlobalSection(ProjectConfigurationPlatforms) = postSolution
		{650A2B57-194C-4327-A463-E864FC05E577}.Debug|x64.ActiveCfg = Debug|x64
		{650A2B57-194C-4327-A463-E864FC05E577}.Debug|x64.Build.0 = Debug|x64
		{650A2B57-194C-4327-A463-E864FC05E577}.Debug|x86.ActiveCfg = Debug|Win32
		{650A2B57-194C-4327-A463-E864FC05E577}.Debug|x86.Build.0 = Debug|Win32
		{650A2B57-194C-4327-A463-E864FC05E577}.Release|x64.ActiveCfg = Release|x64
		{650A2B57-194C-4327-A463-E864FC05E577}.Release|x64.Build.0 = Release|x64
		{650A2B57-194C-4327-A463-E864FC05E577}.Release|x86.ActiveCfg = Release|Win32
		{650A2B57-194C-4327-A463-E864FC05E577}.Release|x86.Build.0 = Release|Win32
	EndGlobalSection
	GlobalSection(SolutionProperties) = preSolution
		HideSolutionNode = FALSE
	EndGlobalSection
	GlobalSection(ExtensibilityGlobals) = postSolution
		SolutionGuid = {D6EE61C3-FD03-4DEA-9785-89EDD402CBB4}
	EndGlobalSection
EndGlobal
